
Microsoft Visual Studio Solution File, Format Version 12.00
# Visual Studio Version 17
VisualStudioVersion = 17.0.31903.59
MinimumVisualStudioVersion = 10.0.40219.1
Project("{9A19103F-16F7-4668-BE54-9A1E7A4F7556}") = "CommandPatternWithQueues.ExecutingFunctions", "CommandPatternWithQueues.ExecutingFunctions.csproj", "{7932828C-2C46-4E24-B625-67D017CD222B}"
EndProject
Project("{9A19103F-16F7-4668-BE54-9A1E7A4F7556}") = "CommandPatternWithQueues.Tests", "..\CommandPatternWithQueues.Tests\CommandPatternWithQueues.Tests.csproj", "{00814D88-1A15-4CE0-9E03-71F403020964}"
EndProject
Project("{9A19103F-16F7-4668-BE54-9A1E7A4F7556}") = "CommandPatternWithQueues.RemoteCommands", "..\CommandPatternWithQueues.RemoteCommands\CommandPatternWithQueues.RemoteCommands.csproj", "{C8EEB627-C253-4E8D-963D-AADF2FB2C592}"
EndProject
Global
	GlobalSection(SolutionConfigurationPlatforms) = preSolution
		Debug|Any CPU = Debug|Any CPU
		Release|Any CPU = Release|Any CPU
	EndGlobalSection
	GlobalSection(ProjectConfigurationPlatforms) = postSolution
		{7932828C-2C46-4E24-B625-67D017CD222B}.Debug|Any CPU.ActiveCfg = Debug|Any CPU
		{7932828C-2C46-4E24-B625-67D017CD222B}.Debug|Any CPU.Build.0 = Debug|Any CPU
		{7932828C-2C46-4E24-B625-67D017CD222B}.Release|Any CPU.ActiveCfg = Release|Any CPU
		{7932828C-2C46-4E24-B625-67D017CD222B}.Release|Any CPU.Build.0 = Release|Any CPU
		{00814D88-1A15-4CE0-9E03-71F403020964}.Debug|Any CPU.ActiveCfg = Debug|Any CPU
		{00814D88-1A15-4CE0-9E03-71F403020964}.Debug|Any CPU.Build.0 = Debug|Any CPU
		{00814D88-1A15-4CE0-9E03-71F403020964}.Release|Any CPU.ActiveCfg = Release|Any CPU
		{00814D88-1A15-4CE0-9E03-71F403020964}.Release|Any CPU.Build.0 = Release|Any CPU
		{C8EEB627-C253-4E8D-963D-AADF2FB2C592}.Debug|Any CPU.ActiveCfg = Debug|Any CPU
		{C8EEB627-C253-4E8D-963D-AADF2FB2C592}.Debug|Any CPU.Build.0 = Debug|Any CPU
		{C8EEB627-C253-4E8D-963D-AADF2FB2C592}.Release|Any CPU.ActiveCfg = Release|Any CPU
		{C8EEB627-C253-4E8D-963D-AADF2FB2C592}.Release|Any CPU.Build.0 = Release|Any CPU
	EndGlobalSection
	GlobalSection(SolutionProperties) = preSolution
		HideSolutionNode = FALSE
	EndGlobalSection
	GlobalSection(ExtensibilityGlobals) = postSolution
		SolutionGuid = {2ED6729A-57AE-47BB-A79B-638CCA016288}
	EndGlobalSection
EndGlobal
